
Microsoft Visual Studio Solution File, Format Version 12.00
# Visual Studio 14
VisualStudioVersion = 14.0.25420.1
MinimumVisualStudioVersion = 10.0.40219.1
Project("{FAE04EC0-301F-11D3-BF4B-00C04F79EFBC}") = "WordTemplatePopulation", "WordTemplatePopulation\WordTemplatePopulation.csproj", "{070C3909-09E5-45B3-826F-DA8779C46461}"
EndProject
Project("{FAE04EC0-301F-11D3-BF4B-00C04F79EFBC}") = "Loans", "Loans\Loans.csproj", "{51269A7A-5CC4-4E4B-BE47-7E66AA83CE71}"
EndProject
Global
	GlobalSection(SolutionConfigurationPlatforms) = preSolution
		Debug|Any CPU = Debug|Any CPU
		Release|Any CPU = Release|Any CPU
	EndGlobalSection
	GlobalSection(ProjectConfigurationPlatforms) = postSolution
		{070C3909-09E5-45B3-826F-DA8779C46461}.Debug|Any CPU.ActiveCfg = Debug|Any CPU
		{070C3909-09E5-45B3-826F-DA8779C46461}.Debug|Any CPU.Build.0 = Debug|Any CPU
		{070C3909-09E5-45B3-826F-DA8779C46461}.Release|Any CPU.ActiveCfg = Release|Any CPU
		{070C3909-09E5-45B3-826F-DA8779C46461}.Release|Any CPU.Build.0 = Release|Any CPU
		{51269A7A-5CC4-4E4B-BE47-7E66AA83CE71}.Debug|Any CPU.ActiveCfg = Debug|Any CPU
		{51269A7A-5CC4-4E4B-BE47-7E66AA83CE71}.Debug|Any CPU.Build.0 = Debug|Any CPU
		{51269A7A-5CC4-4E4B-BE47-7E66AA83CE71}.Release|Any CPU.ActiveCfg = Release|Any CPU
		{51269A7A-5CC4-4E4B-BE47-7E66AA83CE71}.Release|Any CPU.Build.0 = Release|Any CPU
	EndGlobalSection
	GlobalSection(SolutionProperties) = preSolution
		HideSolutionNode = FALSE
	EndGlobalSection
EndGlobal
